<Solution>
  <Folder Name="/src/">
    <Project Path="src/Fatewake.AppHost/Fatewake.AppHost.csproj" />
    <Project Path="src/Fatewake.ServiceDefaults/Fatewake.ServiceDefaults.csproj" />
    <Project Path="src/Fatewake.Api/Fatewake.Api.csproj" />\n    <Project Path="src/Fatewake.AI/Fatewake.AI.csproj" />\n    <Project Path="src/Fatewake.Web/Fatewake.Web.csproj" />
    <Project Path="src/Fatewake.GameEngine/Fatewake.GameEngine.csproj" />
    <Project Path="src/Fatewake.Infrastructure/Fatewake.Infrastructure.csproj" />
  </Folder>
  <Folder Name="/tests/">
    <Project Path="tests/Fatewake.GameEngine.Tests/Fatewake.GameEngine.Tests.csproj" />\n    <Project Path="tests/Fatewake.IntegrationTests/Fatewake.IntegrationTests.csproj" />\n    <Project Path="tests/Fatewake.Web.Tests/Fatewake.Web.Tests.csproj" />
  </Folder>
</Solution>
